
Microsoft Visual Studio Solution File, Format Version 12.00
# Visual Studio Version 17
VisualStudioVersion = 17.10.34804.81
MinimumVisualStudioVersion = 10.0.40219.1
Project("{2150E333-8FDC-42A3-9474-1A3956D46DE8}") = "Core", "Core", "{8C71B24A-C8AE-4263-B3B0-03C293C8DA94}"
EndProject
Project("{FAE04EC0-301F-11D3-BF4B-00C04F79EFBC}") = "Domain", "Core\Domain\Domain.csproj", "{4FC53E2A-F9B6-4B31-AD86-A9C8D5C8E8C1}"
EndProject
Global
	GlobalSection(SolutionConfigurationPlatforms) = preSolution
		Debug|Any CPU = Debug|Any CPU
		Release|Any CPU = Release|Any CPU
	EndGlobalSection
	GlobalSection(ProjectConfigurationPlatforms) = postSolution
		{4FC53E2A-F9B6-4B31-AD86-A9C8D5C8E8C1}.Debug|Any CPU.ActiveCfg = Debug|Any CPU
		{4FC53E2A-F9B6-4B31-AD86-A9C8D5C8E8C1}.Debug|Any CPU.Build.0 = Debug|Any CPU
		{4FC53E2A-F9B6-4B31-AD86-A9C8D5C8E8C1}.Release|Any CPU.ActiveCfg = Release|Any CPU
		{4FC53E2A-F9B6-4B31-AD86-A9C8D5C8E8C1}.Release|Any CPU.Build.0 = Release|Any CPU
	EndGlobalSection
	GlobalSection(SolutionProperties) = preSolution
		HideSolutionNode = FALSE
	EndGlobalSection
	GlobalSection(NestedProjects) = preSolution
		{4FC53E2A-F9B6-4B31-AD86-A9C8D5C8E8C1} = {8C71B24A-C8AE-4263-B3B0-03C293C8DA94}
	EndGlobalSection
	GlobalSection(ExtensibilityGlobals) = postSolution
		SolutionGuid = {443A4DB7-BBBC-4A37-AEB6-D58DF45042A4}
	EndGlobalSection
EndGlobal
